
Microsoft Visual Studio Solution File, Format Version 12.00
# Visual Studio 15
VisualStudioVersion = 15.0.28307.779
MinimumVisualStudioVersion = 10.0.40219.1
Project("{FAE04EC0-301F-11D3-BF4B-00C04F79EFBC}") = "Construtor", "Construtor\Construtor.csproj", "{4612CD35-174A-4D3A-A15A-3634297DDD1E}"
EndProject
Global
	GlobalSection(SolutionConfigurationPlatforms) = preSolution
		Debug|Any CPU = Debug|Any CPU
		Release|Any CPU = Release|Any CPU
	EndGlobalSection
	GlobalSection(ProjectConfigurationPlatforms) = postSolution
		{4612CD35-174A-4D3A-A15A-3634297DDD1E}.Debug|Any CPU.ActiveCfg = Debug|Any CPU
		{4612CD35-174A-4D3A-A15A-3634297DDD1E}.Debug|Any CPU.Build.0 = Debug|Any CPU
		{4612CD35-174A-4D3A-A15A-3634297DDD1E}.Release|Any CPU.ActiveCfg = Release|Any CPU
		{4612CD35-174A-4D3A-A15A-3634297DDD1E}.Release|Any CPU.Build.0 = Release|Any CPU
	EndGlobalSection
	GlobalSection(SolutionProperties) = preSolution
		HideSolutionNode = FALSE
	EndGlobalSection
	GlobalSection(ExtensibilityGlobals) = postSolution
		SolutionGuid = {1550533C-2265-43F7-B300-0F2CA3FB0647}
	EndGlobalSection
EndGlobal
